
Microsoft Visual Studio Solution File, Format Version 12.00
# Visual Studio Version 17
VisualStudioVersion = 17.0.31903.59
MinimumVisualStudioVersion = 10.0.40219.1
Project("{FAE04EC0-301F-11D3-BF4B-00C04F79EFBC}") = "Exerc7", "Exerc7\Exerc7.csproj", "{D30C33DC-3926-4FB4-9A17-82ABBEFBCFE0}"
EndProject
Project("{FAE04EC0-301F-11D3-BF4B-00C04F79EFBC}") = "Exerc8", "Exerc8\Exerc8.csproj", "{265C85D3-8686-4546-8B37-B20BD0357E4A}"
EndProject
Global
	GlobalSection(SolutionConfigurationPlatforms) = preSolution
		Debug|Any CPU = Debug|Any CPU
		Release|Any CPU = Release|Any CPU
	EndGlobalSection
	GlobalSection(SolutionProperties) = preSolution
		HideSolutionNode = FALSE
	EndGlobalSection
	GlobalSection(ProjectConfigurationPlatforms) = postSolution
		{D30C33DC-3926-4FB4-9A17-82ABBEFBCFE0}.Debug|Any CPU.ActiveCfg = Debug|Any CPU
		{D30C33DC-3926-4FB4-9A17-82ABBEFBCFE0}.Debug|Any CPU.Build.0 = Debug|Any CPU
		{D30C33DC-3926-4FB4-9A17-82ABBEFBCFE0}.Release|Any CPU.ActiveCfg = Release|Any CPU
		{D30C33DC-3926-4FB4-9A17-82ABBEFBCFE0}.Release|Any CPU.Build.0 = Release|Any CPU
		{265C85D3-8686-4546-8B37-B20BD0357E4A}.Debug|Any CPU.ActiveCfg = Debug|Any CPU
		{265C85D3-8686-4546-8B37-B20BD0357E4A}.Debug|Any CPU.Build.0 = Debug|Any CPU
		{265C85D3-8686-4546-8B37-B20BD0357E4A}.Release|Any CPU.ActiveCfg = Release|Any CPU
		{265C85D3-8686-4546-8B37-B20BD0357E4A}.Release|Any CPU.Build.0 = Release|Any CPU
	EndGlobalSection
EndGlobal
